
Microsoft Visual Studio Solution File, Format Version 12.00
# Visual Studio Version 16
Project("{8BC9CEB8-8B4A-11D0-8D11-00A0C91BC942}") = "Sandbox", "Sandbox\Sandbox.vcxproj", "{F4C124E3-60A1-A37E-69B9-2E55D5170AE0}"
EndProject
Project("{2150E333-8FDC-42A3-9474-1A3956D46DE8}") = "Dependencies", "Dependencies", "{53E47842-3FC8-3998-A828-34EB942B241A}"
EndProject
Project("{2150E333-8FDC-42A3-9474-1A3956D46DE8}") = "Audio", "Audio", "{94243282-8049-8102-A994-669295188020}"
EndProject
Project("{8BC9CEB8-8B4A-11D0-8D11-00A0C91BC942}") = "OpenAL-Soft", "Spark\vendor\Audio\OpenAL-Soft\OpenAL-Soft.vcxproj", "{2D783691-992D-AF86-2222-A95D8ED6A58A}"
EndProject
Project("{8BC9CEB8-8B4A-11D0-8D11-00A0C91BC942}") = "Vorbis", "Spark\vendor\Audio\Vorbis\Vorbis.vcxproj", "{DA7C93D8-C61E-BEAE-AFD9-D1029B1A45FF}"
EndProject
Project("{8BC9CEB8-8B4A-11D0-8D11-00A0C91BC942}") = "libogg", "Spark\vendor\Audio\libogg\libogg.vcxproj", "{99D86F0B-857A-9AE1-6E35-AE355A762132}"
EndProject
Project("{8BC9CEB8-8B4A-11D0-8D11-00A0C91BC942}") = "GLFW", "Spark\vendor\GLFW\GLFW.vcxproj", "{154B857C-0182-860D-AA6E-6C109684020F}"
EndProject
Project("{8BC9CEB8-8B4A-11D0-8D11-00A0C91BC942}") = "Glad", "Spark\vendor\Glad\Glad.vcxproj", "{BDD6857C-A90D-870D-52FA-6C103E10030F}"
EndProject
Project("{8BC9CEB8-8B4A-11D0-8D11-00A0C91BC942}") = "ImGui", "Spark\vendor\imgui\ImGui.vcxproj", "{C0FF640D-2C14-8DBE-F595-301E616989EF}"
EndProject
Project("{8BC9CEB8-8B4A-11D0-8D11-00A0C91BC942}") = "Spark", "Spark\Spark.vcxproj", "{26081C0E-921C-44BF-5B9E-E71EC77140F0}"
EndProject
Project("{8BC9CEB8-8B4A-11D0-8D11-00A0C91BC942}") = "SparkyEditor", "SparkyEditor\SparkyEditor.vcxproj", "{666E90C1-52D1-1F66-FB56-581CE798EBE8}"
EndProject
Global
	GlobalSection(SolutionConfigurationPlatforms) = preSolution
		Debug|x64 = Debug|x64
		Dist|x64 = Dist|x64
		Release|x64 = Release|x64
	EndGlobalSection
	GlobalSection(ProjectConfigurationPlatforms) = postSolution
		{F4C124E3-60A1-A37E-69B9-2E55D5170AE0}.Debug|x64.ActiveCfg = Debug|x64
		{F4C124E3-60A1-A37E-69B9-2E55D5170AE0}.Debug|x64.Build.0 = Debug|x64
		{F4C124E3-60A1-A37E-69B9-2E55D5170AE0}.Dist|x64.ActiveCfg = Dist|x64
		{F4C124E3-60A1-A37E-69B9-2E55D5170AE0}.Dist|x64.Build.0 = Dist|x64
		{F4C124E3-60A1-A37E-69B9-2E55D5170AE0}.Release|x64.ActiveCfg = Release|x64
		{F4C124E3-60A1-A37E-69B9-2E55D5170AE0}.Release|x64.Build.0 = Release|x64
		{2D783691-992D-AF86-2222-A95D8ED6A58A}.Debug|x64.ActiveCfg = Debug|x64
		{2D783691-992D-AF86-2222-A95D8ED6A58A}.Debug|x64.Build.0 = Debug|x64
		{2D783691-992D-AF86-2222-A95D8ED6A58A}.Dist|x64.ActiveCfg = Dist|x64
		{2D783691-992D-AF86-2222-A95D8ED6A58A}.Dist|x64.Build.0 = Dist|x64
		{2D783691-992D-AF86-2222-A95D8ED6A58A}.Release|x64.ActiveCfg = Release|x64
		{2D783691-992D-AF86-2222-A95D8ED6A58A}.Release|x64.Build.0 = Release|x64
		{DA7C93D8-C61E-BEAE-AFD9-D1029B1A45FF}.Debug|x64.ActiveCfg = Debug|x64
		{DA7C93D8-C61E-BEAE-AFD9-D1029B1A45FF}.Debug|x64.Build.0 = Debug|x64
		{DA7C93D8-C61E-BEAE-AFD9-D1029B1A45FF}.Dist|x64.ActiveCfg = Dist|x64
		{DA7C93D8-C61E-BEAE-AFD9-D1029B1A45FF}.Dist|x64.Build.0 = Dist|x64
		{DA7C93D8-C61E-BEAE-AFD9-D1029B1A45FF}.Release|x64.ActiveCfg = Release|x64
		{DA7C93D8-C61E-BEAE-AFD9-D1029B1A45FF}.Release|x64.Build.0 = Release|x64
		{99D86F0B-857A-9AE1-6E35-AE355A762132}.Debug|x64.ActiveCfg = Debug|x64
		{99D86F0B-857A-9AE1-6E35-AE355A762132}.Debug|x64.Build.0 = Debug|x64
		{99D86F0B-857A-9AE1-6E35-AE355A762132}.Dist|x64.ActiveCfg = Dist|x64
		{99D86F0B-857A-9AE1-6E35-AE355A762132}.Dist|x64.Build.0 = Dist|x64
		{99D86F0B-857A-9AE1-6E35-AE355A762132}.Release|x64.ActiveCfg = Release|x64
		{99D86F0B-857A-9AE1-6E35-AE355A762132}.Release|x64.Build.0 = Release|x64
		{154B857C-0182-860D-AA6E-6C109684020F}.Debug|x64.ActiveCfg = Debug|x64
		{154B857C-0182-860D-AA6E-6C109684020F}.Debug|x64.Build.0 = Debug|x64
		{154B857C-0182-860D-AA6E-6C109684020F}.Dist|x64.ActiveCfg = Dist|x64
		{154B857C-0182-860D-AA6E-6C109684020F}.Dist|x64.Build.0 = Dist|x64
		{154B857C-0182-860D-AA6E-6C109684020F}.Release|x64.ActiveCfg = Release|x64
		{154B857C-0182-860D-AA6E-6C109684020F}.Release|x64.Build.0 = Release|x64
		{BDD6857C-A90D-870D-52FA-6C103E10030F}.Debug|x64.ActiveCfg = Debug|x64
		{BDD6857C-A90D-870D-52FA-6C103E10030F}.Debug|x64.Build.0 = Debug|x64
		{BDD6857C-A90D-870D-52FA-6C103E10030F}.Dist|x64.ActiveCfg = Dist|x64
		{BDD6857C-A90D-870D-52FA-6C103E10030F}.Dist|x64.Build.0 = Dist|x64
		{BDD6857C-A90D-870D-52FA-6C103E10030F}.Release|x64.ActiveCfg = Release|x64
		{BDD6857C-A90D-870D-52FA-6C103E10030F}.Release|x64.Build.0 = Release|x64
		{C0FF640D-2C14-8DBE-F595-301E616989EF}.Debug|x64.ActiveCfg = Debug|x64
		{C0FF640D-2C14-8DBE-F595-301E616989EF}.Debug|x64.Build.0 = Debug|x64
		{C0FF640D-2C14-8DBE-F595-301E616989EF}.Dist|x64.ActiveCfg = Dist|x64
		{C0FF640D-2C14-8DBE-F595-301E616989EF}.Dist|x64.Build.0 = Dist|x64
		{C0FF640D-2C14-8DBE-F595-301E616989EF}.Release|x64.ActiveCfg = Release|x64
		{C0FF640D-2C14-8DBE-F595-301E616989EF}.Release|x64.Build.0 = Release|x64
		{26081C0E-921C-44BF-5B9E-E71EC77140F0}.Debug|x64.ActiveCfg = Debug|x64
		{26081C0E-921C-44BF-5B9E-E71EC77140F0}.Debug|x64.Build.0 = Debug|x64
		{26081C0E-921C-44BF-5B9E-E71EC77140F0}.Dist|x64.ActiveCfg = Dist|x64
		{26081C0E-921C-44BF-5B9E-E71EC77140F0}.Dist|x64.Build.0 = Dist|x64
		{26081C0E-921C-44BF-5B9E-E71EC77140F0}.Release|x64.ActiveCfg = Release|x64
		{26081C0E-921C-44BF-5B9E-E71EC77140F0}.Release|x64.Build.0 = Release|x64
		{666E90C1-52D1-1F66-FB56-581CE798EBE8}.Debug|x64.ActiveCfg = Debug|x64
		{666E90C1-52D1-1F66-FB56-581CE798EBE8}.Debug|x64.Build.0 = Debug|x64
		{666E90C1-52D1-1F66-FB56-581CE798EBE8}.Dist|x64.ActiveCfg = Dist|x64
		{666E90C1-52D1-1F66-FB56-581CE798EBE8}.Dist|x64.Build.0 = Dist|x64
		{666E90C1-52D1-1F66-FB56-581CE798EBE8}.Release|x64.ActiveCfg = Release|x64
		{666E90C1-52D1-1F66-FB56-581CE798EBE8}.Release|x64.Build.0 = Release|x64
	EndGlobalSection
	GlobalSection(SolutionProperties) = preSolution
		HideSolutionNode = FALSE
	EndGlobalSection
	GlobalSection(NestedProjects) = preSolution
		{94243282-8049-8102-A994-669295188020} = {53E47842-3FC8-3998-A828-34EB942B241A}
		{2D783691-992D-AF86-2222-A95D8ED6A58A} = {94243282-8049-8102-A994-669295188020}
		{DA7C93D8-C61E-BEAE-AFD9-D1029B1A45FF} = {94243282-8049-8102-A994-669295188020}
		{99D86F0B-857A-9AE1-6E35-AE355A762132} = {94243282-8049-8102-A994-669295188020}
		{154B857C-0182-860D-AA6E-6C109684020F} = {53E47842-3FC8-3998-A828-34EB942B241A}
		{BDD6857C-A90D-870D-52FA-6C103E10030F} = {53E47842-3FC8-3998-A828-34EB942B241A}
		{C0FF640D-2C14-8DBE-F595-301E616989EF} = {53E47842-3FC8-3998-A828-34EB942B241A}
	EndGlobalSection
EndGlobal
